
Microsoft Visual Studio Solution File, Format Version 12.00
# Visual Studio Version 17
VisualStudioVersion = 17.0.31903.59
MinimumVisualStudioVersion = 10.0.40219.1
Project("{F2A71F9B-5D33-465A-A702-920D77279786}") = "lab3", "lab3.fsproj", "{B2EC3B74-3B12-4546-98DB-E52CD14781A3}"
EndProject
Project("{F2A71F9B-5D33-465A-A702-920D77279786}") = "tests", "tests\tests.fsproj", "{CBB434FA-F190-4573-9054-91B0E86CBFBC}"
EndProject
Global
	GlobalSection(SolutionConfigurationPlatforms) = preSolution
		Debug|Any CPU = Debug|Any CPU
		Release|Any CPU = Release|Any CPU
	EndGlobalSection
	GlobalSection(SolutionProperties) = preSolution
		HideSolutionNode = FALSE
	EndGlobalSection
	GlobalSection(ProjectConfigurationPlatforms) = postSolution
		{B2EC3B74-3B12-4546-98DB-E52CD14781A3}.Debug|Any CPU.ActiveCfg = Debug|Any CPU
		{B2EC3B74-3B12-4546-98DB-E52CD14781A3}.Debug|Any CPU.Build.0 = Debug|Any CPU
		{B2EC3B74-3B12-4546-98DB-E52CD14781A3}.Release|Any CPU.ActiveCfg = Release|Any CPU
		{B2EC3B74-3B12-4546-98DB-E52CD14781A3}.Release|Any CPU.Build.0 = Release|Any CPU
		{CBB434FA-F190-4573-9054-91B0E86CBFBC}.Debug|Any CPU.ActiveCfg = Debug|Any CPU
		{CBB434FA-F190-4573-9054-91B0E86CBFBC}.Debug|Any CPU.Build.0 = Debug|Any CPU
		{CBB434FA-F190-4573-9054-91B0E86CBFBC}.Release|Any CPU.ActiveCfg = Release|Any CPU
		{CBB434FA-F190-4573-9054-91B0E86CBFBC}.Release|Any CPU.Build.0 = Release|Any CPU
	EndGlobalSection
EndGlobal
